
Microsoft Visual Studio Solution File, Format Version 12.00
# Visual Studio Version 17
VisualStudioVersion = 17.5.002.0
MinimumVisualStudioVersion = 10.0.40219.1
Project("{9A19103F-16F7-4668-BE54-9A1E7A4F7556}") = "DisasterAlleviation", "DisasterAlleviation.csproj", "{D58892A0-4188-497B-BD1F-132CEE743413}"
EndProject
Project("{FAE04EC0-301F-11D3-BF4B-00C04F79EFBC}") = "ClassLibrary", "..\ClassLibrary\ClassLibrary.csproj", "{FE690FF1-90AE-4B2D-BFA4-478A70F88E85}"
EndProject
Project("{FAE04EC0-301F-11D3-BF4B-00C04F79EFBC}") = "UnitTest", "..\UnitTest\UnitTest.csproj", "{35D94D63-F308-4CBA-836F-9B4170CFA93F}"
EndProject
Project("{2150E333-8FDC-42A3-9474-1A3956D46DE8}") = "Solution Items", "Solution Items", "{2A14D10A-C355-4F09-BAC3-D506585A1C75}"
	ProjectSection(SolutionItems) = preProject
		.editorconfig = .editorconfig
	EndProjectSection
EndProject
Project("{FAE04EC0-301F-11D3-BF4B-00C04F79EFBC}") = "IntegrationTesting", "..\IntegrationTesting\IntegrationTesting.csproj", "{77C662A7-4370-485E-A3D5-0B41A55A7195}"
EndProject
Global
	GlobalSection(SolutionConfigurationPlatforms) = preSolution
		Debug|Any CPU = Debug|Any CPU
		Release|Any CPU = Release|Any CPU
	EndGlobalSection
	GlobalSection(ProjectConfigurationPlatforms) = postSolution
		{D58892A0-4188-497B-BD1F-132CEE743413}.Debug|Any CPU.ActiveCfg = Debug|Any CPU
		{D58892A0-4188-497B-BD1F-132CEE743413}.Debug|Any CPU.Build.0 = Debug|Any CPU
		{D58892A0-4188-497B-BD1F-132CEE743413}.Release|Any CPU.ActiveCfg = Release|Any CPU
		{D58892A0-4188-497B-BD1F-132CEE743413}.Release|Any CPU.Build.0 = Release|Any CPU
		{FE690FF1-90AE-4B2D-BFA4-478A70F88E85}.Debug|Any CPU.ActiveCfg = Debug|Any CPU
		{FE690FF1-90AE-4B2D-BFA4-478A70F88E85}.Debug|Any CPU.Build.0 = Debug|Any CPU
		{FE690FF1-90AE-4B2D-BFA4-478A70F88E85}.Release|Any CPU.ActiveCfg = Release|Any CPU
		{FE690FF1-90AE-4B2D-BFA4-478A70F88E85}.Release|Any CPU.Build.0 = Release|Any CPU
		{35D94D63-F308-4CBA-836F-9B4170CFA93F}.Debug|Any CPU.ActiveCfg = Debug|Any CPU
		{35D94D63-F308-4CBA-836F-9B4170CFA93F}.Debug|Any CPU.Build.0 = Debug|Any CPU
		{35D94D63-F308-4CBA-836F-9B4170CFA93F}.Release|Any CPU.ActiveCfg = Release|Any CPU
		{35D94D63-F308-4CBA-836F-9B4170CFA93F}.Release|Any CPU.Build.0 = Release|Any CPU
		{77C662A7-4370-485E-A3D5-0B41A55A7195}.Debug|Any CPU.ActiveCfg = Debug|Any CPU
		{77C662A7-4370-485E-A3D5-0B41A55A7195}.Debug|Any CPU.Build.0 = Debug|Any CPU
		{77C662A7-4370-485E-A3D5-0B41A55A7195}.Release|Any CPU.ActiveCfg = Release|Any CPU
		{77C662A7-4370-485E-A3D5-0B41A55A7195}.Release|Any CPU.Build.0 = Release|Any CPU
	EndGlobalSection
	GlobalSection(SolutionProperties) = preSolution
		HideSolutionNode = FALSE
	EndGlobalSection
	GlobalSection(ExtensibilityGlobals) = postSolution
		SolutionGuid = {507DDA7B-878A-4DFD-B5DA-C67B293FCBE7}
	EndGlobalSection
EndGlobal
